
Microsoft Visual Studio Solution File, Format Version 12.00
# Visual Studio Version 17
VisualStudioVersion = 17.0.32112.339
MinimumVisualStudioVersion = 10.0.40219.1
Project("{FAE04EC0-301F-11D3-BF4B-00C04F79EFBC}") = "RouletteGameApi", "RouletteGameApi\RouletteGameApi.csproj", "{7EB8AE94-ECD0-4AA9-AE82-7EB6C39A862D}"
EndProject
Global
	GlobalSection(SolutionConfigurationPlatforms) = preSolution
		Debug|Any CPU = Debug|Any CPU
		Release|Any CPU = Release|Any CPU
	EndGlobalSection
	GlobalSection(ProjectConfigurationPlatforms) = postSolution
		{7EB8AE94-ECD0-4AA9-AE82-7EB6C39A862D}.Debug|Any CPU.ActiveCfg = Debug|Any CPU
		{7EB8AE94-ECD0-4AA9-AE82-7EB6C39A862D}.Debug|Any CPU.Build.0 = Debug|Any CPU
		{7EB8AE94-ECD0-4AA9-AE82-7EB6C39A862D}.Release|Any CPU.ActiveCfg = Release|Any CPU
		{7EB8AE94-ECD0-4AA9-AE82-7EB6C39A862D}.Release|Any CPU.Build.0 = Release|Any CPU
	EndGlobalSection
	GlobalSection(SolutionProperties) = preSolution
		HideSolutionNode = FALSE
	EndGlobalSection
	GlobalSection(ExtensibilityGlobals) = postSolution
		SolutionGuid = {728B7903-F34C-42DB-8F57-9BE2E16C173D}
	EndGlobalSection
EndGlobal
